// !$*UTF8*$!
{
	archiveVersion = 1;
	classes = {
	};
	objectVersion = 46;
	objects = {

/* Begin PBXBuildFile section */
		A1BD187B1DC095430081B809 /* main.m in Sources */ = {isa = PBXBuildFile; fileRef = A1BD187A1DC095430081B809 /* main.m */; };
		A1BD187E1DC095430081B809 /* AppDelegate.m in Sources */ = {isa = PBXBuildFile; fileRef = A1BD187D1DC095430081B809 /* AppDelegate.m */; };
		A1BD18811DC095430081B809 /* ViewController.m in Sources */ = {isa = PBXBuildFile; fileRef = A1BD18801DC095430081B809 /* ViewController.m */; };
		A1BD18841DC095430081B809 /* Main.storyboard in Resources */ = {isa = PBXBuildFile; fileRef = A1BD18821DC095430081B809 /* Main.storyboard */; };
		A1BD18861DC095430081B809 /* Assets.xcassets in Resources */ = {isa = PBXBuildFile; fileRef = A1BD18851DC095430081B809 /* Assets.xcassets */; };
		A1BD18891DC095430081B809 /* LaunchScreen.storyboard in Resources */ = {isa = PBXBuildFile; fileRef = A1BD18871DC095430081B809 /* LaunchScreen.storyboard */; };
/* End PBXBuildFile section */

/* Begin PBXFileReference section */
		A1BD18761DC095430081B809 /* taskList.app */ = {isa = PBXFileReference; explicitFileType = wrapper.application; includeInIndex = 0; path = taskList.app; sourceTree = BUILT_PRODUCTS_DIR; };
		A1BD187A1DC095430081B809 /* main.m */ = {isa = PBXFileReference; lastKnownFileType = sourcecode.c.objc; path = main.m; sourceTree = "<group>"; };
		A1BD187C1DC095430081B809 /* AppDelegate.h */ = {isa = PBXFileReference; lastKnownFileType = sourcecode.c.h; path = AppDelegate.h; sourceTree = "<group>"; };
		A1BD187D1DC095430081B809 /* AppDelegate.m */ = {isa = PBXFileReference; lastKnownFileType = sourcecode.c.objc; path = AppDelegate.m; sourceTree = "<group>"; };
		A1BD187F1DC095430081B809 /* ViewController.h */ = {isa = PBXFileReference; lastKnownFileType = sourcecode.c.h; path = ViewController.h; sourceTree = "<group>"; };
		A1BD18801DC095430081B809 /* ViewController.m */ = {isa = PBXFileReference; lastKnownFileType = sourcecode.c.objc; path = ViewController.m; sourceTree = "<group>"; };
		A1BD18831DC095430081B809 /* Base */ = {isa = PBXFileReference; lastKnownFileType = file.storyboard; name = Base; path = Base.lproj/Main.storyboard; sourceTree = "<group>"; };
		A1BD18851DC095430081B809 /* Assets.xcassets */ = {isa = PBXFileReference; lastKnownFileType = folder.assetcatalog; path = Assets.xcassets; sourceTree = "<group>"; };
		A1BD18881DC095430081B809 /* Base */ = {isa = PBXFileReference; lastKnownFileType = file.storyboard; name = Base; path = Base.lproj/LaunchScreen.storyboard; sourceTree = "<group>"; };
		A1BD188A1DC095430081B809 /* Info.plist */ = {isa = PBXFileReference; lastKnownFileType = text.plist.xml; path = Info.plist; sourceTree = "<group>"; };
/* End PBXFileReference section */

/* Begin PBXFrameworksBuildPhase section */
		A1BD18731DC095420081B809 /* Frameworks */ = {
			isa = PBXFrameworksBuildPhase;
			buildActionMask = 2147483647;
			files = (
			);
			runOnlyForDeploymentPostprocessing = 0;
		};
/* End PBXFrameworksBuildPhase section */

/* Begin PBXGroup section */
		A1BD186D1DC095420081B809 = {
			isa = PBXGroup;
			children = (
				A1BD18781DC095430081B809 /* taskList */,
				A1BD18771DC095430081B809 /* Products */,
			);
			sourceTree = "<group>";
		};
		A1BD18771DC095430081B809 /* Products */ = {
			isa = PBXGroup;
			children = (
				A1BD18761DC095430081B809 /* taskList.app */,
			);
			name = Products;
			sourceTree = "<group>";
		};
		A1BD18781DC095430081B809 /* taskList */ = {
			isa = PBXGroup;
			children = (
				A1BD187C1DC095430081B809 /* AppDelegate.h */,
				A1BD187D1DC095430081B809 /* AppDelegate.m */,
				A1BD187F1DC095430081B809 /* ViewController.h */,
				A1BD18801DC095430081B809 /* ViewController.m */,
				A1BD18821DC095430081B809 /* Main.storyboard */,
				A1BD18851DC095430081B809 /* Assets.xcassets */,
				A1BD18871DC095430081B809 /* LaunchScreen.storyboard */,
				A1BD188A1DC095430081B809 /* Info.plist */,
				A1BD18791DC095430081B809 /* Supporting Files */,
			);
			path = taskList;
			sourceTree = "<group>";
		};
		A1BD18791DC095430081B809 /* Supporting Files */ = {
			isa = PBXGroup;
			children = (
				A1BD187A1DC095430081B809 /* main.m */,
			);
			name = "Supporting Files";
			sourceTree = "<group>";
		};
/* End PBXGroup section */

/* Begin PBXNativeTarget section */
		A1BD18751DC095420081B809 /* taskList */ = {
			isa = PBXNativeTarget;
			buildConfigurationList = A1BD188D1DC095430081B809 /* Build configuration list for PBXNativeTarget "taskList" */;
			buildPhases = (
				A1BD18721DC095420081B809 /* Sources */,
				A1BD18731DC095420081B809 /* Frameworks */,
				A1BD18741DC095420081B809 /* Resources */,
			);
			buildRules = (
			);
			dependencies = (
			);
			name = taskList;
			productName = taskList;
			productReference = A1BD18761DC095430081B809 /* taskList.app */;
			productType = "com.apple.product-type.application";
		};
/* End PBXNativeTarget section */

/* Begin PBXProject section */
		A1BD186E1DC095420081B809 /* Project object */ = {
			isa = PBXProject;
			attributes = {
				LastUpgradeCheck = 0800;
				ORGANIZATIONNAME = yangfeiyu;
				TargetAttributes = {
					A1BD18751DC095420081B809 = {
						CreatedOnToolsVersion = 8.0;
						ProvisioningStyle = Automatic;
					};
				};
			};
			buildConfigurationList = A1BD18711DC095420081B809 /* Build configuration list for PBXProject "taskList" */;
			compatibilityVersion = "Xcode 3.2";
			developmentRegion = English;
			hasScannedForEncodings = 0;
			knownRegions = (
				en,
				Base,
			);
			mainGroup = A1BD186D1DC095420081B809;
			productRefGroup = A1BD18771DC095430081B809 /* Products */;
			projectDirPath = "";
			projectRoot = "";
			targets = (
				A1BD18751DC095420081B809 /* taskList */,
			);
		};
/* End PBXProject section */

/* Begin PBXResourcesBuildPhase section */
		A1BD18741DC095420081B809 /* Resources */ = {
			isa = PBXResourcesBuildPhase;
			buildActionMask = 2147483647;
			files = (
				A1BD18891DC095430081B809 /* LaunchScreen.storyboard in Resources */,
				A1BD18861DC095430081B809 /* Assets.xcassets in Resources */,
				A1BD18841DC095430081B809 /* Main.storyboard in Resources */,
			);
			runOnlyForDeploymentPostprocessing = 0;
		};
/* End PBXResourcesBuildPhase section */

/* Begin PBXSourcesBuildPhase section */
		A1BD18721DC095420081B809 /* Sources */ = {
			isa = PBXSourcesBuildPhase;
			buildActionMask = 2147483647;
			files = (
				A1BD18811DC095430081B809 /* ViewController.m in Sources */,
				A1BD187E1DC095430081B809 /* AppDelegate.m in Sources */,
				A1BD187B1DC095430081B809 /* main.m in Sources */,
			);
			runOnlyForDeploymentPostprocessing = 0;
		};
/* End PBXSourcesBuildPhase section */

/* Begin PBXVariantGroup section */
		A1BD18821DC095430081B809 /* Main.storyboard */ = {
			isa = PBXVariantGroup;
			children = (
				A1BD18831DC095430081B809 /* Base */,
			);
			name = Main.storyboard;
			sourceTree = "<group>";
		};
		A1BD18871DC095430081B809 /* LaunchScreen.storyboard */ = {
			isa = PBXVariantGroup;
			children = (
				A1BD18881DC095430081B809 /* Base */,
			);
			name = LaunchScreen.storyboard;
			sourceTree = "<group>";
		};
/* End PBXVariantGroup section */

/* Begin XCBuildConfiguration section */
		A1BD188B1DC095430081B809 /* Debug */ = {
			isa = XCBuildConfiguration;
			buildSettings = {
				ALWAYS_SEARCH_USER_PATHS = NO;
				CLANG_ANALYZER_NONNULL = YES;
				CLANG_CXX_LANGUAGE_STANDARD = "gnu++0x";
				CLANG_CXX_LIBRARY = "libc++";
				CLANG_ENABLE_MODULES = YES;
				CLANG_ENABLE_OBJC_ARC = YES;
				CLANG_WARN_BOOL_CONVERSION = YES;
				CLANG_WARN_CONSTANT_CONVERSION = YES;
				CLANG_WARN_DIRECT_OBJC_ISA_USAGE = YES_ERROR;
				CLANG_WARN_DOCUMENTATION_COMMENTS = YES;
				CLANG_WARN_EMPTY_BODY = YES;
				CLANG_WARN_ENUM_CONVERSION = YES;
				CLANG_WARN_INFINITE_RECURSION = YES;
				CLANG_WARN_INT_CONVERSION = YES;
				CLANG_WARN_OBJC_ROOT_CLASS = YES_ERROR;
				CLANG_WARN_SUSPICIOUS_MOVES = YES;
				CLANG_WARN_UNREACHABLE_CODE = YES;
				CLANG_WARN__DUPLICATE_METHOD_MATCH = YES;
				"CODE_SIGN_IDENTITY[sdk=iphoneos*]" = "iPhone Developer";
				COPY_PHASE_STRIP = NO;
				DEBUG_INFORMATION_FORMAT = dwarf;
				ENABLE_STRICT_OBJC_MSGSEND = YES;
				ENABLE_TESTABILITY = YES;
				GCC_C_LANGUAGE_STANDARD = gnu99;
				GCC_DYNAMIC_NO_PIC = NO;
				GCC_NO_COMMON_BLOCKS = YES;
				GCC_OPTIMIZATION_LEVEL = 0;
				GCC_PREPROCESSOR_DEFINITIONS = (
					"DEBUG=1",
					"$(inherited)",
				);
				GCC_WARN_64_TO_32_BIT_CONVERSION = YES;
				GCC_WARN_ABOUT_RETURN_TYPE = YES_ERROR;
				GCC_WARN_UNDECLARED_SELECTOR = YES;
				GCC_WARN_UNINITIALIZED_AUTOS = YES_AGGRESSIVE;
				GCC_WARN_UNUSED_FUNCTION = YES;
				GCC_WARN_UNUSED_VARIABLE = YES;
				IPHONEOS_DEPLOYMENT_TARGET = 10.0;
				MTL_ENABLE_DEBUG_INFO = YES;
				ONLY_ACTIVE_ARCH = YES;
				SDKROOT = iphoneos;
			};
			name = Debug;
		};
		A1BD188C1DC095430081B809 /* Release */ = {
			isa = XCBuildConfiguration;
			buildSettings = {
				ALWAYS_SEARCH_USER_PATHS = NO;
				CLANG_ANALYZER_NONNULL = YES;
				CLANG_CXX_LANGUAGE_STANDARD = "gnu++0x";
				CLANG_CXX_LIBRARY = "libc++";
				CLANG_ENABLE_MODULES = YES;
				CLANG_ENABLE_OBJC_ARC = YES;
				CLANG_WARN_BOOL_CONVERSION = YES;
				CLANG_WARN_CONSTANT_CONVERSION = YES;
				CLANG_WARN_DIRECT_OBJC_ISA_USAGE = YES_ERROR;
				CLANG_WARN_DOCUMENTATION_COMMENTS = YES;
				CLANG_WARN_EMPTY_BODY = YES;
				CLANG_WARN_ENUM_CONVERSION = YES;
				CLANG_WARN_INFINITE_RECURSION = YES;
				CLANG_WARN_INT_CONVERSION = YES;
				CLANG_WARN_OBJC_ROOT_CLASS = YES_ERROR;
				CLANG_WARN_SUSPICIOUS_MOVES = YES;
				CLANG_WARN_UNREACHABLE_CODE = YES;
				CLANG_WARN__DUPLICATE_METHOD_MATCH = YES;
				"CODE_SIGN_IDENTITY[sdk=iphoneos*]" = "iPhone Developer";
				COPY_PHASE_STRIP = NO;
				DEBUG_INFORMATION_FORMAT = "dwarf-with-dsym";
				ENABLE_NS_ASSERTIONS = NO;
				ENABLE_STRICT_OBJC_MSGSEND = YES;
				GCC_C_LANGUAGE_STANDARD = gnu99;
				GCC_NO_COMMON_BLOCKS = YES;
				GCC_WARN_64_TO_32_BIT_CONVERSION = YES;
				GCC_WARN_ABOUT_RETURN_TYPE = YES_ERROR;
				GCC_WARN_UNDECLARED_SELECTOR = YES;
				GCC_WARN_UNINITIALIZED_AUTOS = YES_AGGRESSIVE;
				GCC_WARN_UNUSED_FUNCTION = YES;
				GCC_WARN_UNUSED_VARIABLE = YES;
				IPHONEOS_DEPLOYMENT_TARGET = 10.0;
				MTL_ENABLE_DEBUG_INFO = NO;
				SDKROOT = iphoneos;
				VALIDATE_PRODUCT = YES;
			};
			name = Release;
		};
		A1BD188E1DC095430081B809 /* Debug */ = {
			isa = XCBuildConfiguration;
			buildSettings = {
				ASSETCATALOG_COMPILER_APPICON_NAME = AppIcon;
				INFOPLIST_FILE = taskList/Info.plist;
				LD_RUNPATH_SEARCH_PATHS = "$(inherited) @executable_path/Frameworks";
				PRODUCT_BUNDLE_IDENTIFIER = com.yfy.taskList;
				PRODUCT_NAME = "$(TARGET_NAME)";
			};
			name = Debug;
		};
		A1BD188F1DC095430081B809 /* Release */ = {
			isa = XCBuildConfiguration;
			buildSettings = {
				ASSETCATALOG_COMPILER_APPICON_NAME = AppIcon;
				INFOPLIST_FILE = taskList/Info.plist;
				LD_RUNPATH_SEARCH_PATHS = "$(inherited) @executable_path/Frameworks";
				PRODUCT_BUNDLE_IDENTIFIER = com.yfy.taskList;
				PRODUCT_NAME = "$(TARGET_NAME)";
			};
			name = Release;
		};
/* End XCBuildConfiguration section */

/* Begin XCConfigurationList section */
		A1BD18711DC095420081B809 /* Build configuration list for PBXProject "taskList" */ = {
			isa = XCConfigurationList;
			buildConfigurations = (
				A1BD188B1DC095430081B809 /* Debug */,
				A1BD188C1DC095430081B809 /* Release */,
			);
			defaultConfigurationIsVisible = 0;
			defaultConfigurationName = Release;
		};
		A1BD188D1DC095430081B809 /* Build configuration list for PBXNativeTarget "taskList" */ = {
			isa = XCConfigurationList;
			buildConfigurations = (
				A1BD188E1DC095430081B809 /* Debug */,
				A1BD188F1DC095430081B809 /* Release */,
			);
			defaultConfigurationIsVisible = 0;
		};
/* End XCConfigurationList section */
	};
	rootObject = A1BD186E1DC095420081B809 /* Project object */;
}
