// !$*UTF8*$!
{
	archiveVersion = 1;
	classes = {
	};
	objectVersion = 46;
	objects = {

/* Begin PBXBuildFile section */
		48704D551DC0DB8500665618 /* TableViewCell.xib in Resources */ = {isa = PBXBuildFile; fileRef = 48704D541DC0DB8500665618 /* TableViewCell.xib */; };
		9DA47B2C1DC0CF3F00D6606F /* main.m in Sources */ = {isa = PBXBuildFile; fileRef = 9DA47B2B1DC0CF3F00D6606F /* main.m */; };
		9DA47B2F1DC0CF3F00D6606F /* AppDelegate.m in Sources */ = {isa = PBXBuildFile; fileRef = 9DA47B2E1DC0CF3F00D6606F /* AppDelegate.m */; };
		9DA47B321DC0CF3F00D6606F /* ViewController.m in Sources */ = {isa = PBXBuildFile; fileRef = 9DA47B311DC0CF3F00D6606F /* ViewController.m */; };
		9DA47B351DC0CF3F00D6606F /* Main.storyboard in Resources */ = {isa = PBXBuildFile; fileRef = 9DA47B331DC0CF3F00D6606F /* Main.storyboard */; };
		9DA47B371DC0CF3F00D6606F /* Assets.xcassets in Resources */ = {isa = PBXBuildFile; fileRef = 9DA47B361DC0CF3F00D6606F /* Assets.xcassets */; };
		9DA47B3A1DC0CF3F00D6606F /* LaunchScreen.storyboard in Resources */ = {isa = PBXBuildFile; fileRef = 9DA47B381DC0CF3F00D6606F /* LaunchScreen.storyboard */; };
		9DA47B441DC0CFAF00D6606F /* TableViewCell.m in Sources */ = {isa = PBXBuildFile; fileRef = 9DA47B421DC0CFAF00D6606F /* TableViewCell.m */; };
/* End PBXBuildFile section */

/* Begin PBXFileReference section */
		48704D541DC0DB8500665618 /* TableViewCell.xib */ = {isa = PBXFileReference; fileEncoding = 4; lastKnownFileType = file.xib; path = TableViewCell.xib; sourceTree = "<group>"; };
		9DA47B271DC0CF3F00D6606F /* TaskList.app */ = {isa = PBXFileReference; explicitFileType = wrapper.application; includeInIndex = 0; path = TaskList.app; sourceTree = BUILT_PRODUCTS_DIR; };
		9DA47B2B1DC0CF3F00D6606F /* main.m */ = {isa = PBXFileReference; lastKnownFileType = sourcecode.c.objc; path = main.m; sourceTree = "<group>"; };
		9DA47B2D1DC0CF3F00D6606F /* AppDelegate.h */ = {isa = PBXFileReference; lastKnownFileType = sourcecode.c.h; path = AppDelegate.h; sourceTree = "<group>"; };
		9DA47B2E1DC0CF3F00D6606F /* AppDelegate.m */ = {isa = PBXFileReference; lastKnownFileType = sourcecode.c.objc; path = AppDelegate.m; sourceTree = "<group>"; };
		9DA47B301DC0CF3F00D6606F /* ViewController.h */ = {isa = PBXFileReference; lastKnownFileType = sourcecode.c.h; path = ViewController.h; sourceTree = "<group>"; };
		9DA47B311DC0CF3F00D6606F /* ViewController.m */ = {isa = PBXFileReference; lastKnownFileType = sourcecode.c.objc; path = ViewController.m; sourceTree = "<group>"; };
		9DA47B341DC0CF3F00D6606F /* Base */ = {isa = PBXFileReference; lastKnownFileType = file.storyboard; name = Base; path = Base.lproj/Main.storyboard; sourceTree = "<group>"; };
		9DA47B361DC0CF3F00D6606F /* Assets.xcassets */ = {isa = PBXFileReference; lastKnownFileType = folder.assetcatalog; path = Assets.xcassets; sourceTree = "<group>"; };
		9DA47B391DC0CF3F00D6606F /* Base */ = {isa = PBXFileReference; lastKnownFileType = file.storyboard; name = Base; path = Base.lproj/LaunchScreen.storyboard; sourceTree = "<group>"; };
		9DA47B3B1DC0CF3F00D6606F /* Info.plist */ = {isa = PBXFileReference; lastKnownFileType = text.plist.xml; path = Info.plist; sourceTree = "<group>"; };
		9DA47B411DC0CFAF00D6606F /* TableViewCell.h */ = {isa = PBXFileReference; fileEncoding = 4; lastKnownFileType = sourcecode.c.h; path = TableViewCell.h; sourceTree = "<group>"; };
		9DA47B421DC0CFAF00D6606F /* TableViewCell.m */ = {isa = PBXFileReference; fileEncoding = 4; lastKnownFileType = sourcecode.c.objc; path = TableViewCell.m; sourceTree = "<group>"; };
/* End PBXFileReference section */

/* Begin PBXFrameworksBuildPhase section */
		9DA47B241DC0CF3F00D6606F /* Frameworks */ = {
			isa = PBXFrameworksBuildPhase;
			buildActionMask = 2147483647;
			files = (
			);
			runOnlyForDeploymentPostprocessing = 0;
		};
/* End PBXFrameworksBuildPhase section */

/* Begin PBXGroup section */
		9DA47B1E1DC0CF3E00D6606F = {
			isa = PBXGroup;
			children = (
				9DA47B291DC0CF3F00D6606F /* TaskList */,
				9DA47B281DC0CF3F00D6606F /* Products */,
			);
			sourceTree = "<group>";
		};
		9DA47B281DC0CF3F00D6606F /* Products */ = {
			isa = PBXGroup;
			children = (
				9DA47B271DC0CF3F00D6606F /* TaskList.app */,
			);
			name = Products;
			sourceTree = "<group>";
		};
		9DA47B291DC0CF3F00D6606F /* TaskList */ = {
			isa = PBXGroup;
			children = (
				9DA47B2D1DC0CF3F00D6606F /* AppDelegate.h */,
				9DA47B2E1DC0CF3F00D6606F /* AppDelegate.m */,
				9DA47B301DC0CF3F00D6606F /* ViewController.h */,
				9DA47B311DC0CF3F00D6606F /* ViewController.m */,
				9DA47B331DC0CF3F00D6606F /* Main.storyboard */,
				9DA47B361DC0CF3F00D6606F /* Assets.xcassets */,
				9DA47B381DC0CF3F00D6606F /* LaunchScreen.storyboard */,
				9DA47B3B1DC0CF3F00D6606F /* Info.plist */,
				9DA47B2A1DC0CF3F00D6606F /* Supporting Files */,
				9DA47B411DC0CFAF00D6606F /* TableViewCell.h */,
				9DA47B421DC0CFAF00D6606F /* TableViewCell.m */,
				48704D541DC0DB8500665618 /* TableViewCell.xib */,
			);
			path = TaskList;
			sourceTree = "<group>";
		};
		9DA47B2A1DC0CF3F00D6606F /* Supporting Files */ = {
			isa = PBXGroup;
			children = (
				9DA47B2B1DC0CF3F00D6606F /* main.m */,
			);
			name = "Supporting Files";
			sourceTree = "<group>";
		};
/* End PBXGroup section */

/* Begin PBXNativeTarget section */
		9DA47B261DC0CF3F00D6606F /* TaskList */ = {
			isa = PBXNativeTarget;
			buildConfigurationList = 9DA47B3E1DC0CF3F00D6606F /* Build configuration list for PBXNativeTarget "TaskList" */;
			buildPhases = (
				9DA47B231DC0CF3F00D6606F /* Sources */,
				9DA47B241DC0CF3F00D6606F /* Frameworks */,
				9DA47B251DC0CF3F00D6606F /* Resources */,
			);
			buildRules = (
			);
			dependencies = (
			);
			name = TaskList;
			productName = TaskList;
			productReference = 9DA47B271DC0CF3F00D6606F /* TaskList.app */;
			productType = "com.apple.product-type.application";
		};
/* End PBXNativeTarget section */

/* Begin PBXProject section */
		9DA47B1F1DC0CF3E00D6606F /* Project object */ = {
			isa = PBXProject;
			attributes = {
				LastUpgradeCheck = 0700;
				ORGANIZATIONNAME = Will;
				TargetAttributes = {
					9DA47B261DC0CF3F00D6606F = {
						CreatedOnToolsVersion = 7.0.1;
					};
				};
			};
			buildConfigurationList = 9DA47B221DC0CF3E00D6606F /* Build configuration list for PBXProject "TaskList" */;
			compatibilityVersion = "Xcode 3.2";
			developmentRegion = English;
			hasScannedForEncodings = 0;
			knownRegions = (
				en,
				Base,
			);
			mainGroup = 9DA47B1E1DC0CF3E00D6606F;
			productRefGroup = 9DA47B281DC0CF3F00D6606F /* Products */;
			projectDirPath = "";
			projectRoot = "";
			targets = (
				9DA47B261DC0CF3F00D6606F /* TaskList */,
			);
		};
/* End PBXProject section */

/* Begin PBXResourcesBuildPhase section */
		9DA47B251DC0CF3F00D6606F /* Resources */ = {
			isa = PBXResourcesBuildPhase;
			buildActionMask = 2147483647;
			files = (
				9DA47B3A1DC0CF3F00D6606F /* LaunchScreen.storyboard in Resources */,
				48704D551DC0DB8500665618 /* TableViewCell.xib in Resources */,
				9DA47B371DC0CF3F00D6606F /* Assets.xcassets in Resources */,
				9DA47B351DC0CF3F00D6606F /* Main.storyboard in Resources */,
			);
			runOnlyForDeploymentPostprocessing = 0;
		};
/* End PBXResourcesBuildPhase section */

/* Begin PBXSourcesBuildPhase section */
		9DA47B231DC0CF3F00D6606F /* Sources */ = {
			isa = PBXSourcesBuildPhase;
			buildActionMask = 2147483647;
			files = (
				9DA47B321DC0CF3F00D6606F /* ViewController.m in Sources */,
				9DA47B441DC0CFAF00D6606F /* TableViewCell.m in Sources */,
				9DA47B2F1DC0CF3F00D6606F /* AppDelegate.m in Sources */,
				9DA47B2C1DC0CF3F00D6606F /* main.m in Sources */,
			);
			runOnlyForDeploymentPostprocessing = 0;
		};
/* End PBXSourcesBuildPhase section */

/* Begin PBXVariantGroup section */
		9DA47B331DC0CF3F00D6606F /* Main.storyboard */ = {
			isa = PBXVariantGroup;
			children = (
				9DA47B341DC0CF3F00D6606F /* Base */,
			);
			name = Main.storyboard;
			sourceTree = "<group>";
		};
		9DA47B381DC0CF3F00D6606F /* LaunchScreen.storyboard */ = {
			isa = PBXVariantGroup;
			children = (
				9DA47B391DC0CF3F00D6606F /* Base */,
			);
			name = LaunchScreen.storyboard;
			sourceTree = "<group>";
		};
/* End PBXVariantGroup section */

/* Begin XCBuildConfiguration section */
		9DA47B3C1DC0CF3F00D6606F /* Debug */ = {
			isa = XCBuildConfiguration;
			buildSettings = {
				ALWAYS_SEARCH_USER_PATHS = NO;
				CLANG_CXX_LANGUAGE_STANDARD = "gnu++0x";
				CLANG_CXX_LIBRARY = "libc++";
				CLANG_ENABLE_MODULES = YES;
				CLANG_ENABLE_OBJC_ARC = YES;
				CLANG_WARN_BOOL_CONVERSION = YES;
				CLANG_WARN_CONSTANT_CONVERSION = YES;
				CLANG_WARN_DIRECT_OBJC_ISA_USAGE = YES_ERROR;
				CLANG_WARN_EMPTY_BODY = YES;
				CLANG_WARN_ENUM_CONVERSION = YES;
				CLANG_WARN_INT_CONVERSION = YES;
				CLANG_WARN_OBJC_ROOT_CLASS = YES_ERROR;
				CLANG_WARN_UNREACHABLE_CODE = YES;
				CLANG_WARN__DUPLICATE_METHOD_MATCH = YES;
				"CODE_SIGN_IDENTITY[sdk=iphoneos*]" = "iPhone Developer";
				COPY_PHASE_STRIP = NO;
				DEBUG_INFORMATION_FORMAT = dwarf;
				ENABLE_STRICT_OBJC_MSGSEND = YES;
				ENABLE_TESTABILITY = YES;
				GCC_C_LANGUAGE_STANDARD = gnu99;
				GCC_DYNAMIC_NO_PIC = NO;
				GCC_NO_COMMON_BLOCKS = YES;
				GCC_OPTIMIZATION_LEVEL = 0;
				GCC_PREPROCESSOR_DEFINITIONS = (
					"DEBUG=1",
					"$(inherited)",
				);
				GCC_WARN_64_TO_32_BIT_CONVERSION = YES;
				GCC_WARN_ABOUT_RETURN_TYPE = YES_ERROR;
				GCC_WARN_UNDECLARED_SELECTOR = YES;
				GCC_WARN_UNINITIALIZED_AUTOS = YES_AGGRESSIVE;
				GCC_WARN_UNUSED_FUNCTION = YES;
				GCC_WARN_UNUSED_VARIABLE = YES;
				IPHONEOS_DEPLOYMENT_TARGET = 9.0;
				MTL_ENABLE_DEBUG_INFO = YES;
				ONLY_ACTIVE_ARCH = YES;
				SDKROOT = iphoneos;
				TARGETED_DEVICE_FAMILY = "1,2";
			};
			name = Debug;
		};
		9DA47B3D1DC0CF3F00D6606F /* Release */ = {
			isa = XCBuildConfiguration;
			buildSettings = {
				ALWAYS_SEARCH_USER_PATHS = NO;
				CLANG_CXX_LANGUAGE_STANDARD = "gnu++0x";
				CLANG_CXX_LIBRARY = "libc++";
				CLANG_ENABLE_MODULES = YES;
				CLANG_ENABLE_OBJC_ARC = YES;
				CLANG_WARN_BOOL_CONVERSION = YES;
				CLANG_WARN_CONSTANT_CONVERSION = YES;
				CLANG_WARN_DIRECT_OBJC_ISA_USAGE = YES_ERROR;
				CLANG_WARN_EMPTY_BODY = YES;
				CLANG_WARN_ENUM_CONVERSION = YES;
				CLANG_WARN_INT_CONVERSION = YES;
				CLANG_WARN_OBJC_ROOT_CLASS = YES_ERROR;
				CLANG_WARN_UNREACHABLE_CODE = YES;
				CLANG_WARN__DUPLICATE_METHOD_MATCH = YES;
				"CODE_SIGN_IDENTITY[sdk=iphoneos*]" = "iPhone Developer";
				COPY_PHASE_STRIP = NO;
				DEBUG_INFORMATION_FORMAT = "dwarf-with-dsym";
				ENABLE_NS_ASSERTIONS = NO;
				ENABLE_STRICT_OBJC_MSGSEND = YES;
				GCC_C_LANGUAGE_STANDARD = gnu99;
				GCC_NO_COMMON_BLOCKS = YES;
				GCC_WARN_64_TO_32_BIT_CONVERSION = YES;
				GCC_WARN_ABOUT_RETURN_TYPE = YES_ERROR;
				GCC_WARN_UNDECLARED_SELECTOR = YES;
				GCC_WARN_UNINITIALIZED_AUTOS = YES_AGGRESSIVE;
				GCC_WARN_UNUSED_FUNCTION = YES;
				GCC_WARN_UNUSED_VARIABLE = YES;
				IPHONEOS_DEPLOYMENT_TARGET = 9.0;
				MTL_ENABLE_DEBUG_INFO = NO;
				SDKROOT = iphoneos;
				TARGETED_DEVICE_FAMILY = "1,2";
				VALIDATE_PRODUCT = YES;
			};
			name = Release;
		};
		9DA47B3F1DC0CF3F00D6606F /* Debug */ = {
			isa = XCBuildConfiguration;
			buildSettings = {
				ASSETCATALOG_COMPILER_APPICON_NAME = AppIcon;
				INFOPLIST_FILE = TaskList/Info.plist;
				LD_RUNPATH_SEARCH_PATHS = "$(inherited) @executable_path/Frameworks";
				PRODUCT_BUNDLE_IDENTIFIER = com.will.TaskList;
				PRODUCT_NAME = "$(TARGET_NAME)";
			};
			name = Debug;
		};
		9DA47B401DC0CF3F00D6606F /* Release */ = {
			isa = XCBuildConfiguration;
			buildSettings = {
				ASSETCATALOG_COMPILER_APPICON_NAME = AppIcon;
				INFOPLIST_FILE = TaskList/Info.plist;
				LD_RUNPATH_SEARCH_PATHS = "$(inherited) @executable_path/Frameworks";
				PRODUCT_BUNDLE_IDENTIFIER = com.will.TaskList;
				PRODUCT_NAME = "$(TARGET_NAME)";
			};
			name = Release;
		};
/* End XCBuildConfiguration section */

/* Begin XCConfigurationList section */
		9DA47B221DC0CF3E00D6606F /* Build configuration list for PBXProject "TaskList" */ = {
			isa = XCConfigurationList;
			buildConfigurations = (
				9DA47B3C1DC0CF3F00D6606F /* Debug */,
				9DA47B3D1DC0CF3F00D6606F /* Release */,
			);
			defaultConfigurationIsVisible = 0;
			defaultConfigurationName = Release;
		};
		9DA47B3E1DC0CF3F00D6606F /* Build configuration list for PBXNativeTarget "TaskList" */ = {
			isa = XCConfigurationList;
			buildConfigurations = (
				9DA47B3F1DC0CF3F00D6606F /* Debug */,
				9DA47B401DC0CF3F00D6606F /* Release */,
			);
			defaultConfigurationIsVisible = 0;
			defaultConfigurationName = Release;
		};
/* End XCConfigurationList section */
	};
	rootObject = 9DA47B1F1DC0CF3E00D6606F /* Project object */;
}
