// !$*UTF8*$!
{
	archiveVersion = 1;
	classes = {
	};
	objectVersion = 46;
	objects = {

/* Begin PBXBuildFile section */
		68884DFC1DB4E8C200BFA355 /* main.m in Sources */ = {isa = PBXBuildFile; fileRef = 68884DFB1DB4E8C200BFA355 /* main.m */; };
		68884DFF1DB4E8C200BFA355 /* AppDelegate.m in Sources */ = {isa = PBXBuildFile; fileRef = 68884DFE1DB4E8C200BFA355 /* AppDelegate.m */; };
		68884E021DB4E8C200BFA355 /* ViewController.m in Sources */ = {isa = PBXBuildFile; fileRef = 68884E011DB4E8C200BFA355 /* ViewController.m */; };
		68884E051DB4E8C200BFA355 /* Main.storyboard in Resources */ = {isa = PBXBuildFile; fileRef = 68884E031DB4E8C200BFA355 /* Main.storyboard */; };
		68884E071DB4E8C200BFA355 /* Assets.xcassets in Resources */ = {isa = PBXBuildFile; fileRef = 68884E061DB4E8C200BFA355 /* Assets.xcassets */; };
		68884E0A1DB4E8C200BFA355 /* LaunchScreen.storyboard in Resources */ = {isa = PBXBuildFile; fileRef = 68884E081DB4E8C200BFA355 /* LaunchScreen.storyboard */; };
		68884E121DB4EB5700BFA355 /* MONACO.TTF in Resources */ = {isa = PBXBuildFile; fileRef = 68884E111DB4EB5700BFA355 /* MONACO.TTF */; };
		68884E441DB4F40100BFA355 /* CalView.m in Sources */ = {isa = PBXBuildFile; fileRef = 68884E431DB4F40100BFA355 /* CalView.m */; };
		68884E471DB4F62B00BFA355 /* SLCal.m in Sources */ = {isa = PBXBuildFile; fileRef = 68884E461DB4F62B00BFA355 /* SLCal.m */; };
/* End PBXBuildFile section */

/* Begin PBXFileReference section */
		68884DF71DB4E8C200BFA355 /* Cal2.app */ = {isa = PBXFileReference; explicitFileType = wrapper.application; includeInIndex = 0; path = Cal2.app; sourceTree = BUILT_PRODUCTS_DIR; };
		68884DFB1DB4E8C200BFA355 /* main.m */ = {isa = PBXFileReference; lastKnownFileType = sourcecode.c.objc; path = main.m; sourceTree = "<group>"; };
		68884DFD1DB4E8C200BFA355 /* AppDelegate.h */ = {isa = PBXFileReference; lastKnownFileType = sourcecode.c.h; path = AppDelegate.h; sourceTree = "<group>"; };
		68884DFE1DB4E8C200BFA355 /* AppDelegate.m */ = {isa = PBXFileReference; lastKnownFileType = sourcecode.c.objc; path = AppDelegate.m; sourceTree = "<group>"; };
		68884E001DB4E8C200BFA355 /* ViewController.h */ = {isa = PBXFileReference; lastKnownFileType = sourcecode.c.h; path = ViewController.h; sourceTree = "<group>"; };
		68884E011DB4E8C200BFA355 /* ViewController.m */ = {isa = PBXFileReference; lastKnownFileType = sourcecode.c.objc; path = ViewController.m; sourceTree = "<group>"; };
		68884E041DB4E8C200BFA355 /* Base */ = {isa = PBXFileReference; lastKnownFileType = file.storyboard; name = Base; path = Base.lproj/Main.storyboard; sourceTree = "<group>"; };
		68884E061DB4E8C200BFA355 /* Assets.xcassets */ = {isa = PBXFileReference; lastKnownFileType = folder.assetcatalog; path = Assets.xcassets; sourceTree = "<group>"; };
		68884E091DB4E8C200BFA355 /* Base */ = {isa = PBXFileReference; lastKnownFileType = file.storyboard; name = Base; path = Base.lproj/LaunchScreen.storyboard; sourceTree = "<group>"; };
		68884E0B1DB4E8C200BFA355 /* Info.plist */ = {isa = PBXFileReference; lastKnownFileType = text.plist.xml; path = Info.plist; sourceTree = "<group>"; };
		68884E111DB4EB5700BFA355 /* MONACO.TTF */ = {isa = PBXFileReference; lastKnownFileType = file; path = MONACO.TTF; sourceTree = "<group>"; };
		68884E421DB4F40100BFA355 /* CalView.h */ = {isa = PBXFileReference; fileEncoding = 4; lastKnownFileType = sourcecode.c.h; path = CalView.h; sourceTree = "<group>"; };
		68884E431DB4F40100BFA355 /* CalView.m */ = {isa = PBXFileReference; fileEncoding = 4; lastKnownFileType = sourcecode.c.objc; path = CalView.m; sourceTree = "<group>"; };
		68884E451DB4F62B00BFA355 /* SLCal.h */ = {isa = PBXFileReference; fileEncoding = 4; lastKnownFileType = sourcecode.c.h; path = SLCal.h; sourceTree = "<group>"; };
		68884E461DB4F62B00BFA355 /* SLCal.m */ = {isa = PBXFileReference; fileEncoding = 4; lastKnownFileType = sourcecode.c.objc; path = SLCal.m; sourceTree = "<group>"; };
/* End PBXFileReference section */

/* Begin PBXFrameworksBuildPhase section */
		68884DF41DB4E8C200BFA355 /* Frameworks */ = {
			isa = PBXFrameworksBuildPhase;
			buildActionMask = 2147483647;
			files = (
			);
			runOnlyForDeploymentPostprocessing = 0;
		};
/* End PBXFrameworksBuildPhase section */

/* Begin PBXGroup section */
		68884DEE1DB4E8C200BFA355 = {
			isa = PBXGroup;
			children = (
				68884DF91DB4E8C200BFA355 /* Cal2 */,
				68884DF81DB4E8C200BFA355 /* Products */,
			);
			sourceTree = "<group>";
		};
		68884DF81DB4E8C200BFA355 /* Products */ = {
			isa = PBXGroup;
			children = (
				68884DF71DB4E8C200BFA355 /* Cal2.app */,
			);
			name = Products;
			sourceTree = "<group>";
		};
		68884DF91DB4E8C200BFA355 /* Cal2 */ = {
			isa = PBXGroup;
			children = (
				68884E451DB4F62B00BFA355 /* SLCal.h */,
				68884E461DB4F62B00BFA355 /* SLCal.m */,
				68884E421DB4F40100BFA355 /* CalView.h */,
				68884E431DB4F40100BFA355 /* CalView.m */,
				68884DFD1DB4E8C200BFA355 /* AppDelegate.h */,
				68884DFE1DB4E8C200BFA355 /* AppDelegate.m */,
				68884E001DB4E8C200BFA355 /* ViewController.h */,
				68884E011DB4E8C200BFA355 /* ViewController.m */,
				68884E031DB4E8C200BFA355 /* Main.storyboard */,
				68884E061DB4E8C200BFA355 /* Assets.xcassets */,
				68884E081DB4E8C200BFA355 /* LaunchScreen.storyboard */,
				68884E0B1DB4E8C200BFA355 /* Info.plist */,
				68884DFA1DB4E8C200BFA355 /* Supporting Files */,
			);
			path = Cal2;
			sourceTree = "<group>";
		};
		68884DFA1DB4E8C200BFA355 /* Supporting Files */ = {
			isa = PBXGroup;
			children = (
				68884E111DB4EB5700BFA355 /* MONACO.TTF */,
				68884DFB1DB4E8C200BFA355 /* main.m */,
			);
			name = "Supporting Files";
			sourceTree = "<group>";
		};
/* End PBXGroup section */

/* Begin PBXNativeTarget section */
		68884DF61DB4E8C200BFA355 /* Cal2 */ = {
			isa = PBXNativeTarget;
			buildConfigurationList = 68884E0E1DB4E8C200BFA355 /* Build configuration list for PBXNativeTarget "Cal2" */;
			buildPhases = (
				68884DF31DB4E8C200BFA355 /* Sources */,
				68884DF41DB4E8C200BFA355 /* Frameworks */,
				68884DF51DB4E8C200BFA355 /* Resources */,
			);
			buildRules = (
			);
			dependencies = (
			);
			name = Cal2;
			productName = Cal2;
			productReference = 68884DF71DB4E8C200BFA355 /* Cal2.app */;
			productType = "com.apple.product-type.application";
		};
/* End PBXNativeTarget section */

/* Begin PBXProject section */
		68884DEF1DB4E8C200BFA355 /* Project object */ = {
			isa = PBXProject;
			attributes = {
				LastUpgradeCheck = 0810;
				ORGANIZATIONNAME = zju;
				TargetAttributes = {
					68884DF61DB4E8C200BFA355 = {
						CreatedOnToolsVersion = 8.1;
						ProvisioningStyle = Automatic;
					};
				};
			};
			buildConfigurationList = 68884DF21DB4E8C200BFA355 /* Build configuration list for PBXProject "Cal2" */;
			compatibilityVersion = "Xcode 3.2";
			developmentRegion = English;
			hasScannedForEncodings = 0;
			knownRegions = (
				en,
				Base,
			);
			mainGroup = 68884DEE1DB4E8C200BFA355;
			productRefGroup = 68884DF81DB4E8C200BFA355 /* Products */;
			projectDirPath = "";
			projectRoot = "";
			targets = (
				68884DF61DB4E8C200BFA355 /* Cal2 */,
			);
		};
/* End PBXProject section */

/* Begin PBXResourcesBuildPhase section */
		68884DF51DB4E8C200BFA355 /* Resources */ = {
			isa = PBXResourcesBuildPhase;
			buildActionMask = 2147483647;
			files = (
				68884E0A1DB4E8C200BFA355 /* LaunchScreen.storyboard in Resources */,
				68884E071DB4E8C200BFA355 /* Assets.xcassets in Resources */,
				68884E051DB4E8C200BFA355 /* Main.storyboard in Resources */,
				68884E121DB4EB5700BFA355 /* MONACO.TTF in Resources */,
			);
			runOnlyForDeploymentPostprocessing = 0;
		};
/* End PBXResourcesBuildPhase section */

/* Begin PBXSourcesBuildPhase section */
		68884DF31DB4E8C200BFA355 /* Sources */ = {
			isa = PBXSourcesBuildPhase;
			buildActionMask = 2147483647;
			files = (
				68884E471DB4F62B00BFA355 /* SLCal.m in Sources */,
				68884E021DB4E8C200BFA355 /* ViewController.m in Sources */,
				68884DFF1DB4E8C200BFA355 /* AppDelegate.m in Sources */,
				68884DFC1DB4E8C200BFA355 /* main.m in Sources */,
				68884E441DB4F40100BFA355 /* CalView.m in Sources */,
			);
			runOnlyForDeploymentPostprocessing = 0;
		};
/* End PBXSourcesBuildPhase section */

/* Begin PBXVariantGroup section */
		68884E031DB4E8C200BFA355 /* Main.storyboard */ = {
			isa = PBXVariantGroup;
			children = (
				68884E041DB4E8C200BFA355 /* Base */,
			);
			name = Main.storyboard;
			sourceTree = "<group>";
		};
		68884E081DB4E8C200BFA355 /* LaunchScreen.storyboard */ = {
			isa = PBXVariantGroup;
			children = (
				68884E091DB4E8C200BFA355 /* Base */,
			);
			name = LaunchScreen.storyboard;
			sourceTree = "<group>";
		};
/* End PBXVariantGroup section */

/* Begin XCBuildConfiguration section */
		68884E0C1DB4E8C200BFA355 /* Debug */ = {
			isa = XCBuildConfiguration;
			buildSettings = {
				ALWAYS_SEARCH_USER_PATHS = NO;
				CLANG_ANALYZER_NONNULL = YES;
				CLANG_CXX_LANGUAGE_STANDARD = "gnu++0x";
				CLANG_CXX_LIBRARY = "libc++";
				CLANG_ENABLE_MODULES = YES;
				CLANG_ENABLE_OBJC_ARC = YES;
				CLANG_WARN_BOOL_CONVERSION = YES;
				CLANG_WARN_CONSTANT_CONVERSION = YES;
				CLANG_WARN_DIRECT_OBJC_ISA_USAGE = YES_ERROR;
				CLANG_WARN_DOCUMENTATION_COMMENTS = YES;
				CLANG_WARN_EMPTY_BODY = YES;
				CLANG_WARN_ENUM_CONVERSION = YES;
				CLANG_WARN_INFINITE_RECURSION = YES;
				CLANG_WARN_INT_CONVERSION = YES;
				CLANG_WARN_OBJC_ROOT_CLASS = YES_ERROR;
				CLANG_WARN_SUSPICIOUS_MOVES = YES;
				CLANG_WARN_UNREACHABLE_CODE = YES;
				CLANG_WARN__DUPLICATE_METHOD_MATCH = YES;
				"CODE_SIGN_IDENTITY[sdk=iphoneos*]" = "iPhone Developer";
				COPY_PHASE_STRIP = NO;
				DEBUG_INFORMATION_FORMAT = dwarf;
				ENABLE_STRICT_OBJC_MSGSEND = YES;
				ENABLE_TESTABILITY = YES;
				GCC_C_LANGUAGE_STANDARD = gnu99;
				GCC_DYNAMIC_NO_PIC = NO;
				GCC_NO_COMMON_BLOCKS = YES;
				GCC_OPTIMIZATION_LEVEL = 0;
				GCC_PREPROCESSOR_DEFINITIONS = (
					"DEBUG=1",
					"$(inherited)",
				);
				GCC_WARN_64_TO_32_BIT_CONVERSION = YES;
				GCC_WARN_ABOUT_RETURN_TYPE = YES_ERROR;
				GCC_WARN_UNDECLARED_SELECTOR = YES;
				GCC_WARN_UNINITIALIZED_AUTOS = YES_AGGRESSIVE;
				GCC_WARN_UNUSED_FUNCTION = YES;
				GCC_WARN_UNUSED_VARIABLE = YES;
				IPHONEOS_DEPLOYMENT_TARGET = 8.2;
				MTL_ENABLE_DEBUG_INFO = YES;
				ONLY_ACTIVE_ARCH = YES;
				SDKROOT = iphoneos;
			};
			name = Debug;
		};
		68884E0D1DB4E8C200BFA355 /* Release */ = {
			isa = XCBuildConfiguration;
			buildSettings = {
				ALWAYS_SEARCH_USER_PATHS = NO;
				CLANG_ANALYZER_NONNULL = YES;
				CLANG_CXX_LANGUAGE_STANDARD = "gnu++0x";
				CLANG_CXX_LIBRARY = "libc++";
				CLANG_ENABLE_MODULES = YES;
				CLANG_ENABLE_OBJC_ARC = YES;
				CLANG_WARN_BOOL_CONVERSION = YES;
				CLANG_WARN_CONSTANT_CONVERSION = YES;
				CLANG_WARN_DIRECT_OBJC_ISA_USAGE = YES_ERROR;
				CLANG_WARN_DOCUMENTATION_COMMENTS = YES;
				CLANG_WARN_EMPTY_BODY = YES;
				CLANG_WARN_ENUM_CONVERSION = YES;
				CLANG_WARN_INFINITE_RECURSION = YES;
				CLANG_WARN_INT_CONVERSION = YES;
				CLANG_WARN_OBJC_ROOT_CLASS = YES_ERROR;
				CLANG_WARN_SUSPICIOUS_MOVES = YES;
				CLANG_WARN_UNREACHABLE_CODE = YES;
				CLANG_WARN__DUPLICATE_METHOD_MATCH = YES;
				"CODE_SIGN_IDENTITY[sdk=iphoneos*]" = "iPhone Developer";
				COPY_PHASE_STRIP = NO;
				DEBUG_INFORMATION_FORMAT = "dwarf-with-dsym";
				ENABLE_NS_ASSERTIONS = NO;
				ENABLE_STRICT_OBJC_MSGSEND = YES;
				GCC_C_LANGUAGE_STANDARD = gnu99;
				GCC_NO_COMMON_BLOCKS = YES;
				GCC_WARN_64_TO_32_BIT_CONVERSION = YES;
				GCC_WARN_ABOUT_RETURN_TYPE = YES_ERROR;
				GCC_WARN_UNDECLARED_SELECTOR = YES;
				GCC_WARN_UNINITIALIZED_AUTOS = YES_AGGRESSIVE;
				GCC_WARN_UNUSED_FUNCTION = YES;
				GCC_WARN_UNUSED_VARIABLE = YES;
				IPHONEOS_DEPLOYMENT_TARGET = 8.2;
				MTL_ENABLE_DEBUG_INFO = NO;
				SDKROOT = iphoneos;
				VALIDATE_PRODUCT = YES;
			};
			name = Release;
		};
		68884E0F1DB4E8C200BFA355 /* Debug */ = {
			isa = XCBuildConfiguration;
			buildSettings = {
				ASSETCATALOG_COMPILER_APPICON_NAME = AppIcon;
				INFOPLIST_FILE = Cal2/Info.plist;
				IPHONEOS_DEPLOYMENT_TARGET = 8.2;
				LD_RUNPATH_SEARCH_PATHS = "$(inherited) @executable_path/Frameworks";
				PRODUCT_BUNDLE_IDENTIFIER = com.zju.Cal2;
				PRODUCT_NAME = "$(TARGET_NAME)";
			};
			name = Debug;
		};
		68884E101DB4E8C200BFA355 /* Release */ = {
			isa = XCBuildConfiguration;
			buildSettings = {
				ASSETCATALOG_COMPILER_APPICON_NAME = AppIcon;
				INFOPLIST_FILE = Cal2/Info.plist;
				IPHONEOS_DEPLOYMENT_TARGET = 8.2;
				LD_RUNPATH_SEARCH_PATHS = "$(inherited) @executable_path/Frameworks";
				PRODUCT_BUNDLE_IDENTIFIER = com.zju.Cal2;
				PRODUCT_NAME = "$(TARGET_NAME)";
			};
			name = Release;
		};
/* End XCBuildConfiguration section */

/* Begin XCConfigurationList section */
		68884DF21DB4E8C200BFA355 /* Build configuration list for PBXProject "Cal2" */ = {
			isa = XCConfigurationList;
			buildConfigurations = (
				68884E0C1DB4E8C200BFA355 /* Debug */,
				68884E0D1DB4E8C200BFA355 /* Release */,
			);
			defaultConfigurationIsVisible = 0;
			defaultConfigurationName = Release;
		};
		68884E0E1DB4E8C200BFA355 /* Build configuration list for PBXNativeTarget "Cal2" */ = {
			isa = XCConfigurationList;
			buildConfigurations = (
				68884E0F1DB4E8C200BFA355 /* Debug */,
				68884E101DB4E8C200BFA355 /* Release */,
			);
			defaultConfigurationIsVisible = 0;
			defaultConfigurationName = Release;
		};
/* End XCConfigurationList section */
	};
	rootObject = 68884DEF1DB4E8C200BFA355 /* Project object */;
}
